
Microsoft Visual Studio Solution File, Format Version 12.00
# Visual Studio 15
VisualStudioVersion = 15.0.27130.2036
MinimumVisualStudioVersion = 10.0.40219.1
Project("{FAE04EC0-301F-11D3-BF4B-00C04F79EFBC}") = "PlayNGo", "PlayNGo\PlayNGo.csproj", "{771C0510-8D13-41CA-BA2F-9529847D709A}"
EndProject
Project("{FAE04EC0-301F-11D3-BF4B-00C04F79EFBC}") = "PlayNGo.Models", "PlayNGo.Models\PlayNGo.Models.csproj", "{C36030B7-EB38-4526-AD73-C5AF5291957F}"
EndProject
Project("{FAE04EC0-301F-11D3-BF4B-00C04F79EFBC}") = "PlayNGo.Data", "PlayNGo.Data\PlayNGo.Data.csproj", "{E598A838-9919-4C24-BC6C-131463D087F5}"
EndProject
Project("{FAE04EC0-301F-11D3-BF4B-00C04F79EFBC}") = "PlayNGo.Business", "PlayNGo.Business\PlayNGo.Business.csproj", "{703D0CB4-0795-45B3-A922-1FB98066E6A5}"
EndProject
Project("{FAE04EC0-301F-11D3-BF4B-00C04F79EFBC}") = "PlayNGo.Repository", "PlayNGo.Repository\PlayNGo.Repository.csproj", "{DE882878-267B-4F05-B7B7-D8280261C8C7}"
EndProject
Project("{FAE04EC0-301F-11D3-BF4B-00C04F79EFBC}") = "PlayNGo.Common", "PlayNGo.Common\PlayNGo.Common.csproj", "{2F621F7B-1CCD-49C0-BE42-FB7109C86294}"
EndProject
Project("{FAE04EC0-301F-11D3-BF4B-00C04F79EFBC}") = "PlayNGo.AngularWeb", "PlayNGo.AngularWeb\PlayNGo.AngularWeb.csproj", "{529E90BA-69C8-447C-A1CA-DB44C42976ED}"
EndProject
Project("{2150E333-8FDC-42A3-9474-1A3956D46DE8}") = "Solution Items", "Solution Items", "{A2715676-9BC2-4447-9C10-7752CD40B5CA}"
	ProjectSection(SolutionItems) = preProject
		Readme.txt = Readme.txt
	EndProjectSection
EndProject
Global
	GlobalSection(SolutionConfigurationPlatforms) = preSolution
		Debug|Any CPU = Debug|Any CPU
		Release|Any CPU = Release|Any CPU
	EndGlobalSection
	GlobalSection(ProjectConfigurationPlatforms) = postSolution
		{771C0510-8D13-41CA-BA2F-9529847D709A}.Debug|Any CPU.ActiveCfg = Debug|Any CPU
		{771C0510-8D13-41CA-BA2F-9529847D709A}.Debug|Any CPU.Build.0 = Debug|Any CPU
		{771C0510-8D13-41CA-BA2F-9529847D709A}.Release|Any CPU.ActiveCfg = Release|Any CPU
		{771C0510-8D13-41CA-BA2F-9529847D709A}.Release|Any CPU.Build.0 = Release|Any CPU
		{C36030B7-EB38-4526-AD73-C5AF5291957F}.Debug|Any CPU.ActiveCfg = Debug|Any CPU
		{C36030B7-EB38-4526-AD73-C5AF5291957F}.Debug|Any CPU.Build.0 = Debug|Any CPU
		{C36030B7-EB38-4526-AD73-C5AF5291957F}.Release|Any CPU.ActiveCfg = Release|Any CPU
		{C36030B7-EB38-4526-AD73-C5AF5291957F}.Release|Any CPU.Build.0 = Release|Any CPU
		{E598A838-9919-4C24-BC6C-131463D087F5}.Debug|Any CPU.ActiveCfg = Debug|Any CPU
		{E598A838-9919-4C24-BC6C-131463D087F5}.Debug|Any CPU.Build.0 = Debug|Any CPU
		{E598A838-9919-4C24-BC6C-131463D087F5}.Release|Any CPU.ActiveCfg = Release|Any CPU
		{E598A838-9919-4C24-BC6C-131463D087F5}.Release|Any CPU.Build.0 = Release|Any CPU
		{703D0CB4-0795-45B3-A922-1FB98066E6A5}.Debug|Any CPU.ActiveCfg = Debug|Any CPU
		{703D0CB4-0795-45B3-A922-1FB98066E6A5}.Debug|Any CPU.Build.0 = Debug|Any CPU
		{703D0CB4-0795-45B3-A922-1FB98066E6A5}.Release|Any CPU.ActiveCfg = Release|Any CPU
		{703D0CB4-0795-45B3-A922-1FB98066E6A5}.Release|Any CPU.Build.0 = Release|Any CPU
		{DE882878-267B-4F05-B7B7-D8280261C8C7}.Debug|Any CPU.ActiveCfg = Debug|Any CPU
		{DE882878-267B-4F05-B7B7-D8280261C8C7}.Debug|Any CPU.Build.0 = Debug|Any CPU
		{DE882878-267B-4F05-B7B7-D8280261C8C7}.Release|Any CPU.ActiveCfg = Release|Any CPU
		{DE882878-267B-4F05-B7B7-D8280261C8C7}.Release|Any CPU.Build.0 = Release|Any CPU
		{2F621F7B-1CCD-49C0-BE42-FB7109C86294}.Debug|Any CPU.ActiveCfg = Debug|Any CPU
		{2F621F7B-1CCD-49C0-BE42-FB7109C86294}.Debug|Any CPU.Build.0 = Debug|Any CPU
		{2F621F7B-1CCD-49C0-BE42-FB7109C86294}.Release|Any CPU.ActiveCfg = Release|Any CPU
		{2F621F7B-1CCD-49C0-BE42-FB7109C86294}.Release|Any CPU.Build.0 = Release|Any CPU
		{529E90BA-69C8-447C-A1CA-DB44C42976ED}.Debug|Any CPU.ActiveCfg = Debug|Any CPU
		{529E90BA-69C8-447C-A1CA-DB44C42976ED}.Debug|Any CPU.Build.0 = Debug|Any CPU
		{529E90BA-69C8-447C-A1CA-DB44C42976ED}.Release|Any CPU.ActiveCfg = Release|Any CPU
		{529E90BA-69C8-447C-A1CA-DB44C42976ED}.Release|Any CPU.Build.0 = Release|Any CPU
	EndGlobalSection
	GlobalSection(SolutionProperties) = preSolution
		HideSolutionNode = FALSE
	EndGlobalSection
	GlobalSection(ExtensibilityGlobals) = postSolution
		SolutionGuid = {057668E1-587E-494B-891F-86318558D322}
	EndGlobalSection
EndGlobal
